<?xml version="1.0" encoding="utf-8"?>
<Project ToolsVersion="4.0" xmlns="http://schemas.microsoft.com/developer/msbuild/2003">
  <ItemGroup>
    <Filter Include="Source Files">
      <UniqueIdentifier>{4FC737F1-C7A5-4376-A066-2A32D752A2FF}</UniqueIdentifier>
      <Extensions>cpp;c;cc;cxx;c++;cppm;ixx;def;odl;idl;hpj;bat;asm;asmx</Extensions>
    </Filter>
    <Filter Include="Header Files">
      <UniqueIdentifier>{93995380-89BD-4b04-88EB-625FBE52EBFB}</UniqueIdentifier>
      <Extensions>h;hh;hpp;hxx;h++;hm;inl;inc;ipp;xsd</Extensions>
    </Filter>
    <Filter Include="Resource Files">
      <UniqueIdentifier>{67DA6AB6-F800-4c08-8B7A-83BB121AAD01}</UniqueIdentifier>
      <Extensions>rc;ico;cur;bmp;dlg;rc2;rct;bin;rgs;gif;jpg;jpeg;jpe;resx;tiff;tif;png;wav;mfcribbon-ms</Extensions>
    </Filter>
    <Filter Include="Components">
      <UniqueIdentifier>{2c39818d-25cc-4c40-af4f-fd8cf7e6b344}</UniqueIdentifier>
    </Filter>
    <Filter Include="Commands">
      <UniqueIdentifier>{2305a745-78d9-4f87-b80f-36cdb9111193}</UniqueIdentifier>
    </Filter>
    <Filter Include="States">
      <UniqueIdentifier>{882acf1b-38db-4948-aa70-458af19ada4f}</UniqueIdentifier>
    </Filter>
    <Filter Include="States\Bubble">
      <UniqueIdentifier>{12853cfe-6d27-431e-be27-bd7b84c1570e}</UniqueIdentifier>
    </Filter>
    <Filter Include="States\ZenChan">
      <UniqueIdentifier>{2ad7aa99-a709-47b5-ba28-f10a286c16a5}</UniqueIdentifier>
    </Filter>
  </ItemGroup>
  <ItemGroup>
    <ClCompile Include="BubbleBobble.cpp">
      <Filter>Source Files</Filter>
    </ClCompile>
    <ClCompile Include="HealthObserverComponent.cpp">
      <Filter>Components</Filter>
    </ClCompile>
    <ClCompile Include="HealthComponent.cpp">
      <Filter>Components</Filter>
    </ClCompile>
    <ClCompile Include="FrameCounter.cpp">
      <Filter>Components</Filter>
    </ClCompile>
    <ClCompile Include="RotationCmp.cpp">
      <Filter>Components</Filter>
    </ClCompile>
    <ClCompile Include="ScoreComponent.cpp">
      <Filter>Components</Filter>
    </ClCompile>
    <ClCompile Include="ScoreObserverComponent.cpp">
      <Filter>Components</Filter>
    </ClCompile>
    <ClCompile Include="Text.cpp">
      <Filter>Components</Filter>
    </ClCompile>
    <ClCompile Include="TextureComponent.cpp">
      <Filter>Components</Filter>
    </ClCompile>
    <ClCompile Include="TrashTheCacheCmp.cpp">
      <Filter>Components</Filter>
    </ClCompile>
    <ClCompile Include="BubbleMovementComponent.cpp">
      <Filter>Components</Filter>
    </ClCompile>
    <ClCompile Include="ShootBubble.cpp">
      <Filter>Components</Filter>
    </ClCompile>
    <ClCompile Include="RigidBodyComponent.cpp">
      <Filter>Components</Filter>
    </ClCompile>
    <ClCompile Include="AnimationComponent.cpp">
      <Filter>Components</Filter>
    </ClCompile>
    <ClCompile Include="SpriteComponent.cpp">
      <Filter>Components</Filter>
    </ClCompile>
    <ClCompile Include="ColliderComponent.cpp">
      <Filter>Components</Filter>
    </ClCompile>
    <ClCompile Include="StateComponent.cpp">
      <Filter>Components</Filter>
    </ClCompile>
    <ClCompile Include="IdleState.cpp">
      <Filter>States</Filter>
    </ClCompile>
    <ClCompile Include="MoveState.cpp">
      <Filter>States</Filter>
    </ClCompile>
    <ClCompile Include="JumpState.cpp">
      <Filter>States</Filter>
    </ClCompile>
    <ClCompile Include="LevelParser.cpp">
      <Filter>Header Files</Filter>
    </ClCompile>
    <ClCompile Include="TileComponent.cpp">
      <Filter>Components</Filter>
    </ClCompile>
    <ClCompile Include="ZenChanComponent.cpp">
      <Filter>Components</Filter>
    </ClCompile>
    <ClCompile Include="PlayerComponent.cpp">
      <Filter>Components</Filter>
    </ClCompile>
    <ClCompile Include="SpawnState.cpp">
      <Filter>States</Filter>
    </ClCompile>
    <ClCompile Include="PlayerEventHandlerComponent.cpp">
      <Filter>Components</Filter>
    </ClCompile>
    <ClCompile Include="FallState.cpp">
      <Filter>States</Filter>
    </ClCompile>
    <ClCompile Include="HitState.cpp">
      <Filter>States</Filter>
    </ClCompile>
    <ClCompile Include="ShootState.cpp">
      <Filter>States</Filter>
    </ClCompile>
    <ClCompile Include="BubbleSpawnState.cpp">
      <Filter>States\Bubble</Filter>
    </ClCompile>
    <ClCompile Include="BubbleEventHandlerComponent.cpp">
      <Filter>Source Files</Filter>
    </ClCompile>
    <ClCompile Include="BubbleComponent.cpp">
      <Filter>Components</Filter>
    </ClCompile>
    <ClCompile Include="BubbleShotState.cpp">
      <Filter>States\Bubble</Filter>
    </ClCompile>
    <ClCompile Include="BubbleIdleState.cpp">
      <Filter>States\Bubble</Filter>
    </ClCompile>
    <ClCompile Include="BubblePopState.cpp">
      <Filter>States\Bubble</Filter>
    </ClCompile>
    <ClCompile Include="ZenChanCalmState.cpp">
      <Filter>States\ZenChan</Filter>
    </ClCompile>
    <ClCompile Include="ZenChanSpawnState.cpp">
      <Filter>States\ZenChan</Filter>
    </ClCompile>
    <ClCompile Include="ZenChanVulnerableState.cpp">
      <Filter>States\ZenChan</Filter>
    </ClCompile>
  </ItemGroup>
  <ItemGroup>
    <ClInclude Include="ObservableEvents.h">
      <Filter>Header Files</Filter>
    </ClInclude>
    <ClInclude Include="Components.h">
      <Filter>Components</Filter>
    </ClInclude>
    <ClInclude Include="HealthObserverComponent.h">
      <Filter>Components</Filter>
    </ClInclude>
    <ClInclude Include="HealthComponent.h">
      <Filter>Components</Filter>
    </ClInclude>
    <ClInclude Include="FrameCounter.h">
      <Filter>Components</Filter>
    </ClInclude>
    <ClInclude Include="RotationCmp.h">
      <Filter>Components</Filter>
    </ClInclude>
    <ClInclude Include="ScoreComponent.h">
      <Filter>Components</Filter>
    </ClInclude>
    <ClInclude Include="ScoreObserverComponent.h">
      <Filter>Components</Filter>
    </ClInclude>
    <ClInclude Include="TextureComponent.h">
      <Filter>Components</Filter>
    </ClInclude>
    <ClInclude Include="Text.h">
      <Filter>Components</Filter>
    </ClInclude>
    <ClInclude Include="TrashTheCacheCmp.h">
      <Filter>Components</Filter>
    </ClInclude>
    <ClInclude Include="AddScoreCommand.h">
      <Filter>Commands</Filter>
    </ClInclude>
    <ClInclude Include="DamagePlayerCommand.h">
      <Filter>Commands</Filter>
    </ClInclude>
    <ClInclude Include="GameObjectCommand.h">
      <Filter>Commands</Filter>
    </ClInclude>
    <ClInclude Include="MoveCommand.h">
      <Filter>Commands</Filter>
    </ClInclude>
    <ClInclude Include="ToggleSoundCommand.h">
      <Filter>Commands</Filter>
    </ClInclude>
    <ClInclude Include="ShootCommand.h">
      <Filter>Commands</Filter>
    </ClInclude>
    <ClInclude Include="BubbleMovementComponent.h">
      <Filter>Components</Filter>
    </ClInclude>
    <ClInclude Include="ShootBubble.h">
      <Filter>Components</Filter>
    </ClInclude>
    <ClInclude Include="RigidBodyComponent.h">
      <Filter>Components</Filter>
    </ClInclude>
    <ClInclude Include="AnimationComponent.h">
      <Filter>Components</Filter>
    </ClInclude>
    <ClInclude Include="SpriteComponent.h">
      <Filter>Components</Filter>
    </ClInclude>
    <ClInclude Include="ColliderComponent.h">
      <Filter>Components</Filter>
    </ClInclude>
    <ClInclude Include="StateComponent.h">
      <Filter>Components</Filter>
    </ClInclude>
    <ClInclude Include="IdleState.h">
      <Filter>States</Filter>
    </ClInclude>
    <ClInclude Include="MoveState.h">
      <Filter>States</Filter>
    </ClInclude>
    <ClInclude Include="JumpState.h">
      <Filter>States</Filter>
    </ClInclude>
    <ClInclude Include="LevelParser.h">
      <Filter>Header Files</Filter>
    </ClInclude>
    <ClInclude Include="TileComponent.h">
      <Filter>Components</Filter>
    </ClInclude>
    <ClInclude Include="ZenChanComponent.h">
      <Filter>Components</Filter>
    </ClInclude>
    <ClInclude Include="JumpCommand.h">
      <Filter>Commands</Filter>
    </ClInclude>
    <ClInclude Include="PlayerComponent.h">
      <Filter>Components</Filter>
    </ClInclude>
    <ClInclude Include="SpawnState.h">
      <Filter>States</Filter>
    </ClInclude>
    <ClInclude Include="PlayerEventHandlerComponent.h">
      <Filter>Components</Filter>
    </ClInclude>
    <ClInclude Include="FallState.h">
      <Filter>States</Filter>
    </ClInclude>
    <ClInclude Include="HitState.h">
      <Filter>States</Filter>
    </ClInclude>
    <ClInclude Include="ShootState.h">
      <Filter>States</Filter>
    </ClInclude>
    <ClInclude Include="BubbleSpawnState.h">
      <Filter>States\Bubble</Filter>
    </ClInclude>
    <ClInclude Include="BubbleEventHandlerComponent.h">
      <Filter>Header Files</Filter>
    </ClInclude>
    <ClInclude Include="BubbleComponent.h">
      <Filter>Components</Filter>
    </ClInclude>
    <ClInclude Include="BubbleShotState.h">
      <Filter>States\Bubble</Filter>
    </ClInclude>
    <ClInclude Include="BubbleIdleState.h">
      <Filter>States\Bubble</Filter>
    </ClInclude>
    <ClInclude Include="BubblePopState.h">
      <Filter>States\Bubble</Filter>
    </ClInclude>
    <ClInclude Include="ZenChanCalmState.h">
      <Filter>States\ZenChan</Filter>
    </ClInclude>
    <ClInclude Include="ZenChanSpawnState.h">
      <Filter>States\ZenChan</Filter>
    </ClInclude>
    <ClInclude Include="ZenChanVulnerableState.h">
      <Filter>States\ZenChan</Filter>
    </ClInclude>
  </ItemGroup>
  <ItemGroup>
    <None Include="imgui.ini" />
  </ItemGroup>
</Project>